
Microsoft Visual Studio Solution File, Format Version 12.00
# Visual Studio Version 17
VisualStudioVersion = 17.1.32319.34
MinimumVisualStudioVersion = 10.0.40219.1
Project("{FAE04EC0-301F-11D3-BF4B-00C04F79EFBC}") = "MovieDatabase", "MovieDatabase\MovieDatabase.csproj", "{B9526D78-1A18-4FB3-96F4-14014568CCC8}"
EndProject
Global
	GlobalSection(SolutionConfigurationPlatforms) = preSolution
		Debug|Any CPU = Debug|Any CPU
		Release|Any CPU = Release|Any CPU
	EndGlobalSection
	GlobalSection(ProjectConfigurationPlatforms) = postSolution
		{B9526D78-1A18-4FB3-96F4-14014568CCC8}.Debug|Any CPU.ActiveCfg = Debug|Any CPU
		{B9526D78-1A18-4FB3-96F4-14014568CCC8}.Debug|Any CPU.Build.0 = Debug|Any CPU
		{B9526D78-1A18-4FB3-96F4-14014568CCC8}.Release|Any CPU.ActiveCfg = Release|Any CPU
		{B9526D78-1A18-4FB3-96F4-14014568CCC8}.Release|Any CPU.Build.0 = Release|Any CPU
	EndGlobalSection
	GlobalSection(SolutionProperties) = preSolution
		HideSolutionNode = FALSE
	EndGlobalSection
	GlobalSection(ExtensibilityGlobals) = postSolution
		SolutionGuid = {22C13E24-870F-4F52-A080-FC2DB76FEF30}
	EndGlobalSection
EndGlobal
